// !$*UTF8*$!
{
	archiveVersion = 1;
	classes = {
	};
	objectVersion = 55;
	objects = {

/* Begin PBXBuildFile section */
		70EA98232725F7430079BDC8 /* AppDelegate.swift in Sources */ = {isa = PBXBuildFile; fileRef = 70EA98222725F7430079BDC8 /* AppDelegate.swift */; };
		70EA98252725F7430079BDC8 /* SceneDelegate.swift in Sources */ = {isa = PBXBuildFile; fileRef = 70EA98242725F7430079BDC8 /* SceneDelegate.swift */; };
		70EA98272725F7430079BDC8 /* ViewController.swift in Sources */ = {isa = PBXBuildFile; fileRef = 70EA98262725F7430079BDC8 /* ViewController.swift */; };
		70EA982A2725F7430079BDC8 /* Main.storyboard in Resources */ = {isa = PBXBuildFile; fileRef = 70EA98282725F7430079BDC8 /* Main.storyboard */; };
		70EA982C2725F7440079BDC8 /* Assets.xcassets in Resources */ = {isa = PBXBuildFile; fileRef = 70EA982B2725F7440079BDC8 /* Assets.xcassets */; };
		70EA982F2725F7440079BDC8 /* LaunchScreen.storyboard in Resources */ = {isa = PBXBuildFile; fileRef = 70EA982D2725F7440079BDC8 /* LaunchScreen.storyboard */; };
		70EA983A2725F7440079BDC8 /* Tabletop_ManagementTests.swift in Sources */ = {isa = PBXBuildFile; fileRef = 70EA98392725F7440079BDC8 /* Tabletop_ManagementTests.swift */; };
		70EA98442725F7440079BDC8 /* Tabletop_ManagementUITests.swift in Sources */ = {isa = PBXBuildFile; fileRef = 70EA98432725F7440079BDC8 /* Tabletop_ManagementUITests.swift */; };
		70EA98462725F7440079BDC8 /* Tabletop_ManagementUITestsLaunchTests.swift in Sources */ = {isa = PBXBuildFile; fileRef = 70EA98452725F7440079BDC8 /* Tabletop_ManagementUITestsLaunchTests.swift */; };
/* End PBXBuildFile section */

/* Begin PBXContainerItemProxy section */
		70EA98362725F7440079BDC8 /* PBXContainerItemProxy */ = {
			isa = PBXContainerItemProxy;
			containerPortal = 70EA98172725F7430079BDC8 /* Project object */;
			proxyType = 1;
			remoteGlobalIDString = 70EA981E2725F7430079BDC8;
			remoteInfo = "Tabletop-Management";
		};
		70EA98402725F7440079BDC8 /* PBXContainerItemProxy */ = {
			isa = PBXContainerItemProxy;
			containerPortal = 70EA98172725F7430079BDC8 /* Project object */;
			proxyType = 1;
			remoteGlobalIDString = 70EA981E2725F7430079BDC8;
			remoteInfo = "Tabletop-Management";
		};
/* End PBXContainerItemProxy section */

/* Begin PBXFileReference section */
		70EA981F2725F7430079BDC8 /* Tabletop-Management.app */ = {isa = PBXFileReference; explicitFileType = wrapper.application; includeInIndex = 0; path = "Tabletop-Management.app"; sourceTree = BUILT_PRODUCTS_DIR; };
		70EA98222725F7430079BDC8 /* AppDelegate.swift */ = {isa = PBXFileReference; lastKnownFileType = sourcecode.swift; path = AppDelegate.swift; sourceTree = "<group>"; };
		70EA98242725F7430079BDC8 /* SceneDelegate.swift */ = {isa = PBXFileReference; lastKnownFileType = sourcecode.swift; path = SceneDelegate.swift; sourceTree = "<group>"; };
		70EA98262725F7430079BDC8 /* ViewController.swift */ = {isa = PBXFileReference; lastKnownFileType = sourcecode.swift; path = ViewController.swift; sourceTree = "<group>"; };
		70EA98292725F7430079BDC8 /* Base */ = {isa = PBXFileReference; lastKnownFileType = file.storyboard; name = Base; path = Base.lproj/Main.storyboard; sourceTree = "<group>"; };
		70EA982B2725F7440079BDC8 /* Assets.xcassets */ = {isa = PBXFileReference; lastKnownFileType = folder.assetcatalog; path = Assets.xcassets; sourceTree = "<group>"; };
		70EA982E2725F7440079BDC8 /* Base */ = {isa = PBXFileReference; lastKnownFileType = file.storyboard; name = Base; path = Base.lproj/LaunchScreen.storyboard; sourceTree = "<group>"; };
		70EA98302725F7440079BDC8 /* Info.plist */ = {isa = PBXFileReference; lastKnownFileType = text.plist.xml; path = Info.plist; sourceTree = "<group>"; };
		70EA98352725F7440079BDC8 /* Tabletop-ManagementTests.xctest */ = {isa = PBXFileReference; explicitFileType = wrapper.cfbundle; includeInIndex = 0; path = "Tabletop-ManagementTests.xctest"; sourceTree = BUILT_PRODUCTS_DIR; };
		70EA98392725F7440079BDC8 /* Tabletop_ManagementTests.swift */ = {isa = PBXFileReference; lastKnownFileType = sourcecode.swift; path = Tabletop_ManagementTests.swift; sourceTree = "<group>"; };
		70EA983F2725F7440079BDC8 /* Tabletop-ManagementUITests.xctest */ = {isa = PBXFileReference; explicitFileType = wrapper.cfbundle; includeInIndex = 0; path = "Tabletop-ManagementUITests.xctest"; sourceTree = BUILT_PRODUCTS_DIR; };
		70EA98432725F7440079BDC8 /* Tabletop_ManagementUITests.swift */ = {isa = PBXFileReference; lastKnownFileType = sourcecode.swift; path = Tabletop_ManagementUITests.swift; sourceTree = "<group>"; };
		70EA98452725F7440079BDC8 /* Tabletop_ManagementUITestsLaunchTests.swift */ = {isa = PBXFileReference; lastKnownFileType = sourcecode.swift; path = Tabletop_ManagementUITestsLaunchTests.swift; sourceTree = "<group>"; };
/* End PBXFileReference section */

/* Begin PBXFrameworksBuildPhase section */
		70EA981C2725F7430079BDC8 /* Frameworks */ = {
			isa = PBXFrameworksBuildPhase;
			buildActionMask = 2147483647;
			files = (
			);
			runOnlyForDeploymentPostprocessing = 0;
		};
		70EA98322725F7440079BDC8 /* Frameworks */ = {
			isa = PBXFrameworksBuildPhase;
			buildActionMask = 2147483647;
			files = (
			);
			runOnlyForDeploymentPostprocessing = 0;
		};
		70EA983C2725F7440079BDC8 /* Frameworks */ = {
			isa = PBXFrameworksBuildPhase;
			buildActionMask = 2147483647;
			files = (
			);
			runOnlyForDeploymentPostprocessing = 0;
		};
/* End PBXFrameworksBuildPhase section */

/* Begin PBXGroup section */
		70EA98162725F7430079BDC8 = {
			isa = PBXGroup;
			children = (
				70EA98212725F7430079BDC8 /* Tabletop-Management */,
				70EA98382725F7440079BDC8 /* Tabletop-ManagementTests */,
				70EA98422725F7440079BDC8 /* Tabletop-ManagementUITests */,
				70EA98202725F7430079BDC8 /* Products */,
			);
			sourceTree = "<group>";
		};
		70EA98202725F7430079BDC8 /* Products */ = {
			isa = PBXGroup;
			children = (
				70EA981F2725F7430079BDC8 /* Tabletop-Management.app */,
				70EA98352725F7440079BDC8 /* Tabletop-ManagementTests.xctest */,
				70EA983F2725F7440079BDC8 /* Tabletop-ManagementUITests.xctest */,
			);
			name = Products;
			sourceTree = "<group>";
		};
		70EA98212725F7430079BDC8 /* Tabletop-Management */ = {
			isa = PBXGroup;
			children = (
				70EA98222725F7430079BDC8 /* AppDelegate.swift */,
				70EA98242725F7430079BDC8 /* SceneDelegate.swift */,
				70EA98262725F7430079BDC8 /* ViewController.swift */,
				70EA98282725F7430079BDC8 /* Main.storyboard */,
				70EA982B2725F7440079BDC8 /* Assets.xcassets */,
				70EA982D2725F7440079BDC8 /* LaunchScreen.storyboard */,
				70EA98302725F7440079BDC8 /* Info.plist */,
			);
			path = "Tabletop-Management";
			sourceTree = "<group>";
		};
		70EA98382725F7440079BDC8 /* Tabletop-ManagementTests */ = {
			isa = PBXGroup;
			children = (
				70EA98392725F7440079BDC8 /* Tabletop_ManagementTests.swift */,
			);
			path = "Tabletop-ManagementTests";
			sourceTree = "<group>";
		};
		70EA98422725F7440079BDC8 /* Tabletop-ManagementUITests */ = {
			isa = PBXGroup;
			children = (
				70EA98432725F7440079BDC8 /* Tabletop_ManagementUITests.swift */,
				70EA98452725F7440079BDC8 /* Tabletop_ManagementUITestsLaunchTests.swift */,
			);
			path = "Tabletop-ManagementUITests";
			sourceTree = "<group>";
		};
/* End PBXGroup section */

/* Begin PBXNativeTarget section */
		70EA981E2725F7430079BDC8 /* Tabletop-Management */ = {
			isa = PBXNativeTarget;
			buildConfigurationList = 70EA98492725F7440079BDC8 /* Build configuration list for PBXNativeTarget "Tabletop-Management" */;
			buildPhases = (
				70EA981B2725F7430079BDC8 /* Sources */,
				70EA981C2725F7430079BDC8 /* Frameworks */,
				70EA981D2725F7430079BDC8 /* Resources */,
			);
			buildRules = (
			);
			dependencies = (
			);
			name = "Tabletop-Management";
			productName = "Tabletop-Management";
			productReference = 70EA981F2725F7430079BDC8 /* Tabletop-Management.app */;
			productType = "com.apple.product-type.application";
		};
		70EA98342725F7440079BDC8 /* Tabletop-ManagementTests */ = {
			isa = PBXNativeTarget;
			buildConfigurationList = 70EA984C2725F7440079BDC8 /* Build configuration list for PBXNativeTarget "Tabletop-ManagementTests" */;
			buildPhases = (
				70EA98312725F7440079BDC8 /* Sources */,
				70EA98322725F7440079BDC8 /* Frameworks */,
				70EA98332725F7440079BDC8 /* Resources */,
			);
			buildRules = (
			);
			dependencies = (
				70EA98372725F7440079BDC8 /* PBXTargetDependency */,
			);
			name = "Tabletop-ManagementTests";
			productName = "Tabletop-ManagementTests";
			productReference = 70EA98352725F7440079BDC8 /* Tabletop-ManagementTests.xctest */;
			productType = "com.apple.product-type.bundle.unit-test";
		};
		70EA983E2725F7440079BDC8 /* Tabletop-ManagementUITests */ = {
			isa = PBXNativeTarget;
			buildConfigurationList = 70EA984F2725F7440079BDC8 /* Build configuration list for PBXNativeTarget "Tabletop-ManagementUITests" */;
			buildPhases = (
				70EA983B2725F7440079BDC8 /* Sources */,
				70EA983C2725F7440079BDC8 /* Frameworks */,
				70EA983D2725F7440079BDC8 /* Resources */,
			);
			buildRules = (
			);
			dependencies = (
				70EA98412725F7440079BDC8 /* PBXTargetDependency */,
			);
			name = "Tabletop-ManagementUITests";
			productName = "Tabletop-ManagementUITests";
			productReference = 70EA983F2725F7440079BDC8 /* Tabletop-ManagementUITests.xctest */;
			productType = "com.apple.product-type.bundle.ui-testing";
		};
/* End PBXNativeTarget section */

/* Begin PBXProject section */
		70EA98172725F7430079BDC8 /* Project object */ = {
			isa = PBXProject;
			attributes = {
				BuildIndependentTargetsInParallel = 1;
				LastSwiftUpdateCheck = 1300;
				LastUpgradeCheck = 1300;
				TargetAttributes = {
					70EA981E2725F7430079BDC8 = {
						CreatedOnToolsVersion = 13.0;
					};
					70EA98342725F7440079BDC8 = {
						CreatedOnToolsVersion = 13.0;
						TestTargetID = 70EA981E2725F7430079BDC8;
					};
					70EA983E2725F7440079BDC8 = {
						CreatedOnToolsVersion = 13.0;
						TestTargetID = 70EA981E2725F7430079BDC8;
					};
				};
			};
			buildConfigurationList = 70EA981A2725F7430079BDC8 /* Build configuration list for PBXProject "Tabletop-Management" */;
			compatibilityVersion = "Xcode 13.0";
			developmentRegion = en;
			hasScannedForEncodings = 0;
			knownRegions = (
				en,
				Base,
			);
			mainGroup = 70EA98162725F7430079BDC8;
			productRefGroup = 70EA98202725F7430079BDC8 /* Products */;
			projectDirPath = "";
			projectRoot = "";
			targets = (
				70EA981E2725F7430079BDC8 /* Tabletop-Management */,
				70EA98342725F7440079BDC8 /* Tabletop-ManagementTests */,
				70EA983E2725F7440079BDC8 /* Tabletop-ManagementUITests */,
			);
		};
/* End PBXProject section */

/* Begin PBXResourcesBuildPhase section */
		70EA981D2725F7430079BDC8 /* Resources */ = {
			isa = PBXResourcesBuildPhase;
			buildActionMask = 2147483647;
			files = (
				70EA982F2725F7440079BDC8 /* LaunchScreen.storyboard in Resources */,
				70EA982C2725F7440079BDC8 /* Assets.xcassets in Resources */,
				70EA982A2725F7430079BDC8 /* Main.storyboard in Resources */,
			);
			runOnlyForDeploymentPostprocessing = 0;
		};
		70EA98332725F7440079BDC8 /* Resources */ = {
			isa = PBXResourcesBuildPhase;
			buildActionMask = 2147483647;
			files = (
			);
			runOnlyForDeploymentPostprocessing = 0;
		};
		70EA983D2725F7440079BDC8 /* Resources */ = {
			isa = PBXResourcesBuildPhase;
			buildActionMask = 2147483647;
			files = (
			);
			runOnlyForDeploymentPostprocessing = 0;
		};
/* End PBXResourcesBuildPhase section */

/* Begin PBXSourcesBuildPhase section */
		70EA981B2725F7430079BDC8 /* Sources */ = {
			isa = PBXSourcesBuildPhase;
			buildActionMask = 2147483647;
			files = (
				70EA98272725F7430079BDC8 /* ViewController.swift in Sources */,
				70EA98232725F7430079BDC8 /* AppDelegate.swift in Sources */,
				70EA98252725F7430079BDC8 /* SceneDelegate.swift in Sources */,
			);
			runOnlyForDeploymentPostprocessing = 0;
		};
		70EA98312725F7440079BDC8 /* Sources */ = {
			isa = PBXSourcesBuildPhase;
			buildActionMask = 2147483647;
			files = (
				70EA983A2725F7440079BDC8 /* Tabletop_ManagementTests.swift in Sources */,
			);
			runOnlyForDeploymentPostprocessing = 0;
		};
		70EA983B2725F7440079BDC8 /* Sources */ = {
			isa = PBXSourcesBuildPhase;
			buildActionMask = 2147483647;
			files = (
				70EA98462725F7440079BDC8 /* Tabletop_ManagementUITestsLaunchTests.swift in Sources */,
				70EA98442725F7440079BDC8 /* Tabletop_ManagementUITests.swift in Sources */,
			);
			runOnlyForDeploymentPostprocessing = 0;
		};
/* End PBXSourcesBuildPhase section */

/* Begin PBXTargetDependency section */
		70EA98372725F7440079BDC8 /* PBXTargetDependency */ = {
			isa = PBXTargetDependency;
			target = 70EA981E2725F7430079BDC8 /* Tabletop-Management */;
			targetProxy = 70EA98362725F7440079BDC8 /* PBXContainerItemProxy */;
		};
		70EA98412725F7440079BDC8 /* PBXTargetDependency */ = {
			isa = PBXTargetDependency;
			target = 70EA981E2725F7430079BDC8 /* Tabletop-Management */;
			targetProxy = 70EA98402725F7440079BDC8 /* PBXContainerItemProxy */;
		};
/* End PBXTargetDependency section */

/* Begin PBXVariantGroup section */
		70EA98282725F7430079BDC8 /* Main.storyboard */ = {
			isa = PBXVariantGroup;
			children = (
				70EA98292725F7430079BDC8 /* Base */,
			);
			name = Main.storyboard;
			sourceTree = "<group>";
		};
		70EA982D2725F7440079BDC8 /* LaunchScreen.storyboard */ = {
			isa = PBXVariantGroup;
			children = (
				70EA982E2725F7440079BDC8 /* Base */,
			);
			name = LaunchScreen.storyboard;
			sourceTree = "<group>";
		};
/* End PBXVariantGroup section */

/* Begin XCBuildConfiguration section */
		70EA98472725F7440079BDC8 /* Debug */ = {
			isa = XCBuildConfiguration;
			buildSettings = {
				ALWAYS_SEARCH_USER_PATHS = NO;
				CLANG_ANALYZER_NONNULL = YES;
				CLANG_ANALYZER_NUMBER_OBJECT_CONVERSION = YES_AGGRESSIVE;
				CLANG_CXX_LANGUAGE_STANDARD = "gnu++17";
				CLANG_CXX_LIBRARY = "libc++";
				CLANG_ENABLE_MODULES = YES;
				CLANG_ENABLE_OBJC_ARC = YES;
				CLANG_ENABLE_OBJC_WEAK = YES;
				CLANG_WARN_BLOCK_CAPTURE_AUTORELEASING = YES;
				CLANG_WARN_BOOL_CONVERSION = YES;
				CLANG_WARN_COMMA = YES;
				CLANG_WARN_CONSTANT_CONVERSION = YES;
				CLANG_WARN_DEPRECATED_OBJC_IMPLEMENTATIONS = YES;
				CLANG_WARN_DIRECT_OBJC_ISA_USAGE = YES_ERROR;
				CLANG_WARN_DOCUMENTATION_COMMENTS = YES;
				CLANG_WARN_EMPTY_BODY = YES;
				CLANG_WARN_ENUM_CONVERSION = YES;
				CLANG_WARN_INFINITE_RECURSION = YES;
				CLANG_WARN_INT_CONVERSION = YES;
				CLANG_WARN_NON_LITERAL_NULL_CONVERSION = YES;
				CLANG_WARN_OBJC_IMPLICIT_RETAIN_SELF = YES;
				CLANG_WARN_OBJC_LITERAL_CONVERSION = YES;
				CLANG_WARN_OBJC_ROOT_CLASS = YES_ERROR;
				CLANG_WARN_QUOTED_INCLUDE_IN_FRAMEWORK_HEADER = YES;
				CLANG_WARN_RANGE_LOOP_ANALYSIS = YES;
				CLANG_WARN_STRICT_PROTOTYPES = YES;
				CLANG_WARN_SUSPICIOUS_MOVE = YES;
				CLANG_WARN_UNGUARDED_AVAILABILITY = YES_AGGRESSIVE;
				CLANG_WARN_UNREACHABLE_CODE = YES;
				CLANG_WARN__DUPLICATE_METHOD_MATCH = YES;
				COPY_PHASE_STRIP = NO;
				DEBUG_INFORMATION_FORMAT = dwarf;
				ENABLE_STRICT_OBJC_MSGSEND = YES;
				ENABLE_TESTABILITY = YES;
				GCC_C_LANGUAGE_STANDARD = gnu11;
				GCC_DYNAMIC_NO_PIC = NO;
				GCC_NO_COMMON_BLOCKS = YES;
				GCC_OPTIMIZATION_LEVEL = 0;
				GCC_PREPROCESSOR_DEFINITIONS = (
					"DEBUG=1",
					"$(inherited)",
				);
				GCC_WARN_64_TO_32_BIT_CONVERSION = YES;
				GCC_WARN_ABOUT_RETURN_TYPE = YES_ERROR;
				GCC_WARN_UNDECLARED_SELECTOR = YES;
				GCC_WARN_UNINITIALIZED_AUTOS = YES_AGGRESSIVE;
				GCC_WARN_UNUSED_FUNCTION = YES;
				GCC_WARN_UNUSED_VARIABLE = YES;
				IPHONEOS_DEPLOYMENT_TARGET = 15.0;
				MTL_ENABLE_DEBUG_INFO = INCLUDE_SOURCE;
				MTL_FAST_MATH = YES;
				ONLY_ACTIVE_ARCH = YES;
				SDKROOT = iphoneos;
				SWIFT_ACTIVE_COMPILATION_CONDITIONS = DEBUG;
				SWIFT_OPTIMIZATION_LEVEL = "-Onone";
			};
			name = Debug;
		};
		70EA98482725F7440079BDC8 /* Release */ = {
			isa = XCBuildConfiguration;
			buildSettings = {
				ALWAYS_SEARCH_USER_PATHS = NO;
				CLANG_ANALYZER_NONNULL = YES;
				CLANG_ANALYZER_NUMBER_OBJECT_CONVERSION = YES_AGGRESSIVE;
				CLANG_CXX_LANGUAGE_STANDARD = "gnu++17";
				CLANG_CXX_LIBRARY = "libc++";
				CLANG_ENABLE_MODULES = YES;
				CLANG_ENABLE_OBJC_ARC = YES;
				CLANG_ENABLE_OBJC_WEAK = YES;
				CLANG_WARN_BLOCK_CAPTURE_AUTORELEASING = YES;
				CLANG_WARN_BOOL_CONVERSION = YES;
				CLANG_WARN_COMMA = YES;
				CLANG_WARN_CONSTANT_CONVERSION = YES;
				CLANG_WARN_DEPRECATED_OBJC_IMPLEMENTATIONS = YES;
				CLANG_WARN_DIRECT_OBJC_ISA_USAGE = YES_ERROR;
				CLANG_WARN_DOCUMENTATION_COMMENTS = YES;
				CLANG_WARN_EMPTY_BODY = YES;
				CLANG_WARN_ENUM_CONVERSION = YES;
				CLANG_WARN_INFINITE_RECURSION = YES;
				CLANG_WARN_INT_CONVERSION = YES;
				CLANG_WARN_NON_LITERAL_NULL_CONVERSION = YES;
				CLANG_WARN_OBJC_IMPLICIT_RETAIN_SELF = YES;
				CLANG_WARN_OBJC_LITERAL_CONVERSION = YES;
				CLANG_WARN_OBJC_ROOT_CLASS = YES_ERROR;
				CLANG_WARN_QUOTED_INCLUDE_IN_FRAMEWORK_HEADER = YES;
				CLANG_WARN_RANGE_LOOP_ANALYSIS = YES;
				CLANG_WARN_STRICT_PROTOTYPES = YES;
				CLANG_WARN_SUSPICIOUS_MOVE = YES;
				CLANG_WARN_UNGUARDED_AVAILABILITY = YES_AGGRESSIVE;
				CLANG_WARN_UNREACHABLE_CODE = YES;
				CLANG_WARN__DUPLICATE_METHOD_MATCH = YES;
				COPY_PHASE_STRIP = NO;
				DEBUG_INFORMATION_FORMAT = "dwarf-with-dsym";
				ENABLE_NS_ASSERTIONS = NO;
				ENABLE_STRICT_OBJC_MSGSEND = YES;
				GCC_C_LANGUAGE_STANDARD = gnu11;
				GCC_NO_COMMON_BLOCKS = YES;
				GCC_WARN_64_TO_32_BIT_CONVERSION = YES;
				GCC_WARN_ABOUT_RETURN_TYPE = YES_ERROR;
				GCC_WARN_UNDECLARED_SELECTOR = YES;
				GCC_WARN_UNINITIALIZED_AUTOS = YES_AGGRESSIVE;
				GCC_WARN_UNUSED_FUNCTION = YES;
				GCC_WARN_UNUSED_VARIABLE = YES;
				IPHONEOS_DEPLOYMENT_TARGET = 15.0;
				MTL_ENABLE_DEBUG_INFO = NO;
				MTL_FAST_MATH = YES;
				SDKROOT = iphoneos;
				SWIFT_COMPILATION_MODE = wholemodule;
				SWIFT_OPTIMIZATION_LEVEL = "-O";
				VALIDATE_PRODUCT = YES;
			};
			name = Release;
		};
		70EA984A2725F7440079BDC8 /* Debug */ = {
			isa = XCBuildConfiguration;
			buildSettings = {
				ASSETCATALOG_COMPILER_APPICON_NAME = AppIcon;
				ASSETCATALOG_COMPILER_GLOBAL_ACCENT_COLOR_NAME = AccentColor;
				CODE_SIGN_STYLE = Automatic;
				CURRENT_PROJECT_VERSION = 1;
				GENERATE_INFOPLIST_FILE = YES;
				INFOPLIST_FILE = "Tabletop-Management/Info.plist";
				INFOPLIST_KEY_UIApplicationSupportsIndirectInputEvents = YES;
				INFOPLIST_KEY_UILaunchStoryboardName = LaunchScreen;
				INFOPLIST_KEY_UIMainStoryboardFile = Main;
				INFOPLIST_KEY_UISupportedInterfaceOrientations_iPad = "UIInterfaceOrientationPortrait UIInterfaceOrientationPortraitUpsideDown UIInterfaceOrientationLandscapeLeft UIInterfaceOrientationLandscapeRight";
				INFOPLIST_KEY_UISupportedInterfaceOrientations_iPhone = "UIInterfaceOrientationPortrait UIInterfaceOrientationLandscapeLeft UIInterfaceOrientationLandscapeRight";
				LD_RUNPATH_SEARCH_PATHS = (
					"$(inherited)",
					"@executable_path/Frameworks",
				);
				MARKETING_VERSION = 1.0;
				PRODUCT_BUNDLE_IDENTIFIER = "AMailbo.Tabletop-Management";
				PRODUCT_NAME = "$(TARGET_NAME)";
				SWIFT_EMIT_LOC_STRINGS = YES;
				SWIFT_VERSION = 5.0;
				TARGETED_DEVICE_FAMILY = "1,2";
			};
			name = Debug;
		};
		70EA984B2725F7440079BDC8 /* Release */ = {
			isa = XCBuildConfiguration;
			buildSettings = {
				ASSETCATALOG_COMPILER_APPICON_NAME = AppIcon;
				ASSETCATALOG_COMPILER_GLOBAL_ACCENT_COLOR_NAME = AccentColor;
				CODE_SIGN_STYLE = Automatic;
				CURRENT_PROJECT_VERSION = 1;
				GENERATE_INFOPLIST_FILE = YES;
				INFOPLIST_FILE = "Tabletop-Management/Info.plist";
				INFOPLIST_KEY_UIApplicationSupportsIndirectInputEvents = YES;
				INFOPLIST_KEY_UILaunchStoryboardName = LaunchScreen;
				INFOPLIST_KEY_UIMainStoryboardFile = Main;
				INFOPLIST_KEY_UISupportedInterfaceOrientations_iPad = "UIInterfaceOrientationPortrait UIInterfaceOrientationPortraitUpsideDown UIInterfaceOrientationLandscapeLeft UIInterfaceOrientationLandscapeRight";
				INFOPLIST_KEY_UISupportedInterfaceOrientations_iPhone = "UIInterfaceOrientationPortrait UIInterfaceOrientationLandscapeLeft UIInterfaceOrientationLandscapeRight";
				LD_RUNPATH_SEARCH_PATHS = (
					"$(inherited)",
					"@executable_path/Frameworks",
				);
				MARKETING_VERSION = 1.0;
				PRODUCT_BUNDLE_IDENTIFIER = "AMailbo.Tabletop-Management";
				PRODUCT_NAME = "$(TARGET_NAME)";
				SWIFT_EMIT_LOC_STRINGS = YES;
				SWIFT_VERSION = 5.0;
				TARGETED_DEVICE_FAMILY = "1,2";
			};
			name = Release;
		};
		70EA984D2725F7440079BDC8 /* Debug */ = {
			isa = XCBuildConfiguration;
			buildSettings = {
				ALWAYS_EMBED_SWIFT_STANDARD_LIBRARIES = YES;
				BUNDLE_LOADER = "$(TEST_HOST)";
				CODE_SIGN_STYLE = Automatic;
				CURRENT_PROJECT_VERSION = 1;
				GENERATE_INFOPLIST_FILE = YES;
				IPHONEOS_DEPLOYMENT_TARGET = 15.0;
				LD_RUNPATH_SEARCH_PATHS = (
					"$(inherited)",
					"@executable_path/Frameworks",
					"@loader_path/Frameworks",
				);
				MARKETING_VERSION = 1.0;
				PRODUCT_BUNDLE_IDENTIFIER = "AMailbo.Tabletop-ManagementTests";
				PRODUCT_NAME = "$(TARGET_NAME)";
				SWIFT_EMIT_LOC_STRINGS = NO;
				SWIFT_VERSION = 5.0;
				TARGETED_DEVICE_FAMILY = "1,2";
				TEST_HOST = "$(BUILT_PRODUCTS_DIR)/Tabletop-Management.app/Tabletop-Management";
			};
			name = Debug;
		};
		70EA984E2725F7440079BDC8 /* Release */ = {
			isa = XCBuildConfiguration;
			buildSettings = {
				ALWAYS_EMBED_SWIFT_STANDARD_LIBRARIES = YES;
				BUNDLE_LOADER = "$(TEST_HOST)";
				CODE_SIGN_STYLE = Automatic;
				CURRENT_PROJECT_VERSION = 1;
				GENERATE_INFOPLIST_FILE = YES;
				IPHONEOS_DEPLOYMENT_TARGET = 15.0;
				LD_RUNPATH_SEARCH_PATHS = (
					"$(inherited)",
					"@executable_path/Frameworks",
					"@loader_path/Frameworks",
				);
				MARKETING_VERSION = 1.0;
				PRODUCT_BUNDLE_IDENTIFIER = "AMailbo.Tabletop-ManagementTests";
				PRODUCT_NAME = "$(TARGET_NAME)";
				SWIFT_EMIT_LOC_STRINGS = NO;
				SWIFT_VERSION = 5.0;
				TARGETED_DEVICE_FAMILY = "1,2";
				TEST_HOST = "$(BUILT_PRODUCTS_DIR)/Tabletop-Management.app/Tabletop-Management";
			};
			name = Release;
		};
		70EA98502725F7440079BDC8 /* Debug */ = {
			isa = XCBuildConfiguration;
			buildSettings = {
				ALWAYS_EMBED_SWIFT_STANDARD_LIBRARIES = YES;
				CODE_SIGN_STYLE = Automatic;
				CURRENT_PROJECT_VERSION = 1;
				GENERATE_INFOPLIST_FILE = YES;
				LD_RUNPATH_SEARCH_PATHS = (
					"$(inherited)",
					"@executable_path/Frameworks",
					"@loader_path/Frameworks",
				);
				MARKETING_VERSION = 1.0;
				PRODUCT_BUNDLE_IDENTIFIER = "AMailbo.Tabletop-ManagementUITests";
				PRODUCT_NAME = "$(TARGET_NAME)";
				SWIFT_EMIT_LOC_STRINGS = NO;
				SWIFT_VERSION = 5.0;
				TARGETED_DEVICE_FAMILY = "1,2";
				TEST_TARGET_NAME = "Tabletop-Management";
			};
			name = Debug;
		};
		70EA98512725F7440079BDC8 /* Release */ = {
			isa = XCBuildConfiguration;
			buildSettings = {
				ALWAYS_EMBED_SWIFT_STANDARD_LIBRARIES = YES;
				CODE_SIGN_STYLE = Automatic;
				CURRENT_PROJECT_VERSION = 1;
				GENERATE_INFOPLIST_FILE = YES;
				LD_RUNPATH_SEARCH_PATHS = (
					"$(inherited)",
					"@executable_path/Frameworks",
					"@loader_path/Frameworks",
				);
				MARKETING_VERSION = 1.0;
				PRODUCT_BUNDLE_IDENTIFIER = "AMailbo.Tabletop-ManagementUITests";
				PRODUCT_NAME = "$(TARGET_NAME)";
				SWIFT_EMIT_LOC_STRINGS = NO;
				SWIFT_VERSION = 5.0;
				TARGETED_DEVICE_FAMILY = "1,2";
				TEST_TARGET_NAME = "Tabletop-Management";
			};
			name = Release;
		};
/* End XCBuildConfiguration section */

/* Begin XCConfigurationList section */
		70EA981A2725F7430079BDC8 /* Build configuration list for PBXProject "Tabletop-Management" */ = {
			isa = XCConfigurationList;
			buildConfigurations = (
				70EA98472725F7440079BDC8 /* Debug */,
				70EA98482725F7440079BDC8 /* Release */,
			);
			defaultConfigurationIsVisible = 0;
			defaultConfigurationName = Release;
		};
		70EA98492725F7440079BDC8 /* Build configuration list for PBXNativeTarget "Tabletop-Management" */ = {
			isa = XCConfigurationList;
			buildConfigurations = (
				70EA984A2725F7440079BDC8 /* Debug */,
				70EA984B2725F7440079BDC8 /* Release */,
			);
			defaultConfigurationIsVisible = 0;
			defaultConfigurationName = Release;
		};
		70EA984C2725F7440079BDC8 /* Build configuration list for PBXNativeTarget "Tabletop-ManagementTests" */ = {
			isa = XCConfigurationList;
			buildConfigurations = (
				70EA984D2725F7440079BDC8 /* Debug */,
				70EA984E2725F7440079BDC8 /* Release */,
			);
			defaultConfigurationIsVisible = 0;
			defaultConfigurationName = Release;
		};
		70EA984F2725F7440079BDC8 /* Build configuration list for PBXNativeTarget "Tabletop-ManagementUITests" */ = {
			isa = XCConfigurationList;
			buildConfigurations = (
				70EA98502725F7440079BDC8 /* Debug */,
				70EA98512725F7440079BDC8 /* Release */,
			);
			defaultConfigurationIsVisible = 0;
			defaultConfigurationName = Release;
		};
/* End XCConfigurationList section */
	};
	rootObject = 70EA98172725F7430079BDC8 /* Project object */;
}
